
Microsoft Visual Studio Solution File, Format Version 12.00
# Visual Studio 15
VisualStudioVersion = 15.0.26124.0
MinimumVisualStudioVersion = 15.0.26124.0
Project("{FAE04EC0-301F-11D3-BF4B-00C04F79EFBC}") = "Domain", "Domain\Domain.csproj", "{20B94278-6029-4A89-B908-7AF5982C89E0}"
EndProject
Project("{FAE04EC0-301F-11D3-BF4B-00C04F79EFBC}") = "Application", "Application\Application.csproj", "{7FAAC4CD-283D-40D7-A87B-9183FF7DF77D}"
EndProject
Project("{FAE04EC0-301F-11D3-BF4B-00C04F79EFBC}") = "Persistence", "Persistence\Persistence.csproj", "{FCE7334F-F3CF-4D90-A002-B194CC8EAFE5}"
EndProject
Project("{FAE04EC0-301F-11D3-BF4B-00C04F79EFBC}") = "API", "API\API.csproj", "{D03278D8-5FE1-4D72-A5B7-C126B5AD357B}"
EndProject
Project("{FAE04EC0-301F-11D3-BF4B-00C04F79EFBC}") = "Infrastructure", "Infrastructure\Infrastructure.csproj", "{618F84C7-5C28-4229-994F-B889FF3FB19F}"
EndProject
Global
	GlobalSection(SolutionConfigurationPlatforms) = preSolution
		Debug|Any CPU = Debug|Any CPU
		Debug|x64 = Debug|x64
		Debug|x86 = Debug|x86
		Release|Any CPU = Release|Any CPU
		Release|x64 = Release|x64
		Release|x86 = Release|x86
	EndGlobalSection
	GlobalSection(SolutionProperties) = preSolution
		HideSolutionNode = FALSE
	EndGlobalSection
	GlobalSection(ProjectConfigurationPlatforms) = postSolution
		{20B94278-6029-4A89-B908-7AF5982C89E0}.Debug|Any CPU.ActiveCfg = Debug|Any CPU
		{20B94278-6029-4A89-B908-7AF5982C89E0}.Debug|Any CPU.Build.0 = Debug|Any CPU
		{20B94278-6029-4A89-B908-7AF5982C89E0}.Debug|x64.ActiveCfg = Debug|Any CPU
		{20B94278-6029-4A89-B908-7AF5982C89E0}.Debug|x64.Build.0 = Debug|Any CPU
		{20B94278-6029-4A89-B908-7AF5982C89E0}.Debug|x86.ActiveCfg = Debug|Any CPU
		{20B94278-6029-4A89-B908-7AF5982C89E0}.Debug|x86.Build.0 = Debug|Any CPU
		{20B94278-6029-4A89-B908-7AF5982C89E0}.Release|Any CPU.ActiveCfg = Release|Any CPU
		{20B94278-6029-4A89-B908-7AF5982C89E0}.Release|Any CPU.Build.0 = Release|Any CPU
		{20B94278-6029-4A89-B908-7AF5982C89E0}.Release|x64.ActiveCfg = Release|Any CPU
		{20B94278-6029-4A89-B908-7AF5982C89E0}.Release|x64.Build.0 = Release|Any CPU
		{20B94278-6029-4A89-B908-7AF5982C89E0}.Release|x86.ActiveCfg = Release|Any CPU
		{20B94278-6029-4A89-B908-7AF5982C89E0}.Release|x86.Build.0 = Release|Any CPU
		{7FAAC4CD-283D-40D7-A87B-9183FF7DF77D}.Debug|Any CPU.ActiveCfg = Debug|Any CPU
		{7FAAC4CD-283D-40D7-A87B-9183FF7DF77D}.Debug|Any CPU.Build.0 = Debug|Any CPU
		{7FAAC4CD-283D-40D7-A87B-9183FF7DF77D}.Debug|x64.ActiveCfg = Debug|Any CPU
		{7FAAC4CD-283D-40D7-A87B-9183FF7DF77D}.Debug|x64.Build.0 = Debug|Any CPU
		{7FAAC4CD-283D-40D7-A87B-9183FF7DF77D}.Debug|x86.ActiveCfg = Debug|Any CPU
		{7FAAC4CD-283D-40D7-A87B-9183FF7DF77D}.Debug|x86.Build.0 = Debug|Any CPU
		{7FAAC4CD-283D-40D7-A87B-9183FF7DF77D}.Release|Any CPU.ActiveCfg = Release|Any CPU
		{7FAAC4CD-283D-40D7-A87B-9183FF7DF77D}.Release|Any CPU.Build.0 = Release|Any CPU
		{7FAAC4CD-283D-40D7-A87B-9183FF7DF77D}.Release|x64.ActiveCfg = Release|Any CPU
		{7FAAC4CD-283D-40D7-A87B-9183FF7DF77D}.Release|x64.Build.0 = Release|Any CPU
		{7FAAC4CD-283D-40D7-A87B-9183FF7DF77D}.Release|x86.ActiveCfg = Release|Any CPU
		{7FAAC4CD-283D-40D7-A87B-9183FF7DF77D}.Release|x86.Build.0 = Release|Any CPU
		{FCE7334F-F3CF-4D90-A002-B194CC8EAFE5}.Debug|Any CPU.ActiveCfg = Debug|Any CPU
		{FCE7334F-F3CF-4D90-A002-B194CC8EAFE5}.Debug|Any CPU.Build.0 = Debug|Any CPU
		{FCE7334F-F3CF-4D90-A002-B194CC8EAFE5}.Debug|x64.ActiveCfg = Debug|Any CPU
		{FCE7334F-F3CF-4D90-A002-B194CC8EAFE5}.Debug|x64.Build.0 = Debug|Any CPU
		{FCE7334F-F3CF-4D90-A002-B194CC8EAFE5}.Debug|x86.ActiveCfg = Debug|Any CPU
		{FCE7334F-F3CF-4D90-A002-B194CC8EAFE5}.Debug|x86.Build.0 = Debug|Any CPU
		{FCE7334F-F3CF-4D90-A002-B194CC8EAFE5}.Release|Any CPU.ActiveCfg = Release|Any CPU
		{FCE7334F-F3CF-4D90-A002-B194CC8EAFE5}.Release|Any CPU.Build.0 = Release|Any CPU
		{FCE7334F-F3CF-4D90-A002-B194CC8EAFE5}.Release|x64.ActiveCfg = Release|Any CPU
		{FCE7334F-F3CF-4D90-A002-B194CC8EAFE5}.Release|x64.Build.0 = Release|Any CPU
		{FCE7334F-F3CF-4D90-A002-B194CC8EAFE5}.Release|x86.ActiveCfg = Release|Any CPU
		{FCE7334F-F3CF-4D90-A002-B194CC8EAFE5}.Release|x86.Build.0 = Release|Any CPU
		{D03278D8-5FE1-4D72-A5B7-C126B5AD357B}.Debug|Any CPU.ActiveCfg = Debug|Any CPU
		{D03278D8-5FE1-4D72-A5B7-C126B5AD357B}.Debug|Any CPU.Build.0 = Debug|Any CPU
		{D03278D8-5FE1-4D72-A5B7-C126B5AD357B}.Debug|x64.ActiveCfg = Debug|Any CPU
		{D03278D8-5FE1-4D72-A5B7-C126B5AD357B}.Debug|x64.Build.0 = Debug|Any CPU
		{D03278D8-5FE1-4D72-A5B7-C126B5AD357B}.Debug|x86.ActiveCfg = Debug|Any CPU
		{D03278D8-5FE1-4D72-A5B7-C126B5AD357B}.Debug|x86.Build.0 = Debug|Any CPU
		{D03278D8-5FE1-4D72-A5B7-C126B5AD357B}.Release|Any CPU.ActiveCfg = Release|Any CPU
		{D03278D8-5FE1-4D72-A5B7-C126B5AD357B}.Release|Any CPU.Build.0 = Release|Any CPU
		{D03278D8-5FE1-4D72-A5B7-C126B5AD357B}.Release|x64.ActiveCfg = Release|Any CPU
		{D03278D8-5FE1-4D72-A5B7-C126B5AD357B}.Release|x64.Build.0 = Release|Any CPU
		{D03278D8-5FE1-4D72-A5B7-C126B5AD357B}.Release|x86.ActiveCfg = Release|Any CPU
		{D03278D8-5FE1-4D72-A5B7-C126B5AD357B}.Release|x86.Build.0 = Release|Any CPU
		{618F84C7-5C28-4229-994F-B889FF3FB19F}.Debug|Any CPU.ActiveCfg = Debug|Any CPU
		{618F84C7-5C28-4229-994F-B889FF3FB19F}.Debug|Any CPU.Build.0 = Debug|Any CPU
		{618F84C7-5C28-4229-994F-B889FF3FB19F}.Debug|x64.ActiveCfg = Debug|Any CPU
		{618F84C7-5C28-4229-994F-B889FF3FB19F}.Debug|x64.Build.0 = Debug|Any CPU
		{618F84C7-5C28-4229-994F-B889FF3FB19F}.Debug|x86.ActiveCfg = Debug|Any CPU
		{618F84C7-5C28-4229-994F-B889FF3FB19F}.Debug|x86.Build.0 = Debug|Any CPU
		{618F84C7-5C28-4229-994F-B889FF3FB19F}.Release|Any CPU.ActiveCfg = Release|Any CPU
		{618F84C7-5C28-4229-994F-B889FF3FB19F}.Release|Any CPU.Build.0 = Release|Any CPU
		{618F84C7-5C28-4229-994F-B889FF3FB19F}.Release|x64.ActiveCfg = Release|Any CPU
		{618F84C7-5C28-4229-994F-B889FF3FB19F}.Release|x64.Build.0 = Release|Any CPU
		{618F84C7-5C28-4229-994F-B889FF3FB19F}.Release|x86.ActiveCfg = Release|Any CPU
		{618F84C7-5C28-4229-994F-B889FF3FB19F}.Release|x86.Build.0 = Release|Any CPU
	EndGlobalSection
EndGlobal
